
Microsoft Visual Studio Solution File, Format Version 12.00
# Visual Studio Version 17
VisualStudioVersion = 17.10.35122.118
MinimumVisualStudioVersion = 10.0.40219.1
Project("{8BC9CEB8-8B4A-11D0-8D11-00A0C91BC942}") = "activationforwin7", "activationforwin7.vcxproj", "{FC8DAF74-9F75-4DE2-B80A-50836FCA1B2F}"
EndProject
Global
	GlobalSection(SolutionConfigurationPlatforms) = preSolution
		Debug|x64 = Debug|x64
		Debug|x86 = Debug|x86
		Release|x64 = Release|x64
		Release|x86 = Release|x86
	EndGlobalSection
	GlobalSection(ProjectConfigurationPlatforms) = postSolution
		{FC8DAF74-9F75-4DE2-B80A-50836FCA1B2F}.Debug|x64.ActiveCfg = Debug|x64
		{FC8DAF74-9F75-4DE2-B80A-50836FCA1B2F}.Debug|x64.Build.0 = Debug|x64
		{FC8DAF74-9F75-4DE2-B80A-50836FCA1B2F}.Debug|x86.ActiveCfg = Debug|Win32
		{FC8DAF74-9F75-4DE2-B80A-50836FCA1B2F}.Debug|x86.Build.0 = Debug|Win32
		{FC8DAF74-9F75-4DE2-B80A-50836FCA1B2F}.Release|x64.ActiveCfg = Release|x64
		{FC8DAF74-9F75-4DE2-B80A-50836FCA1B2F}.Release|x64.Build.0 = Release|x64
		{FC8DAF74-9F75-4DE2-B80A-50836FCA1B2F}.Release|x86.ActiveCfg = Release|Win32
		{FC8DAF74-9F75-4DE2-B80A-50836FCA1B2F}.Release|x86.Build.0 = Release|Win32
	EndGlobalSection
	GlobalSection(SolutionProperties) = preSolution
		HideSolutionNode = FALSE
	EndGlobalSection
	GlobalSection(ExtensibilityGlobals) = postSolution
		SolutionGuid = {E7594D68-25E5-4B18-AE76-798BD40D0D3C}
	EndGlobalSection
EndGlobal
